
Microsoft Visual Studio Solution File, Format Version 12.00
# Visual Studio Version 17
VisualStudioVersion = 17.8.34525.116
MinimumVisualStudioVersion = 10.0.40219.1
Project("{FAE04EC0-301F-11D3-BF4B-00C04F79EFBC}") = "taskList_task_6", "taskList_task_6\taskList_task_6.csproj", "{027D3CA6-4053-43E1-8F45-1108B85FD6CA}"
EndProject
Global
	GlobalSection(SolutionConfigurationPlatforms) = preSolution
		Debug|Any CPU = Debug|Any CPU
		Release|Any CPU = Release|Any CPU
	EndGlobalSection
	GlobalSection(ProjectConfigurationPlatforms) = postSolution
		{027D3CA6-4053-43E1-8F45-1108B85FD6CA}.Debug|Any CPU.ActiveCfg = Debug|Any CPU
		{027D3CA6-4053-43E1-8F45-1108B85FD6CA}.Debug|Any CPU.Build.0 = Debug|Any CPU
		{027D3CA6-4053-43E1-8F45-1108B85FD6CA}.Release|Any CPU.ActiveCfg = Release|Any CPU
		{027D3CA6-4053-43E1-8F45-1108B85FD6CA}.Release|Any CPU.Build.0 = Release|Any CPU
	EndGlobalSection
	GlobalSection(SolutionProperties) = preSolution
		HideSolutionNode = FALSE
	EndGlobalSection
	GlobalSection(ExtensibilityGlobals) = postSolution
		SolutionGuid = {C381451A-3E4F-4852-8574-0122BBD213BF}
	EndGlobalSection
EndGlobal
